{
  "name": "pambda-errorhandler",
  "version": "0.0.2",
  "lockfileVersion": 1,
  "requires": true,
  "dependencies": {
    "err-json": {
      "version": "0.0.3",
      "resolved": "https://registry.npmjs.org/err-json/-/err-json-0.0.3.tgz",
      "integrity": "sha512-gjUXzT3KIs5fYj4DFcUyb5uMQ4I57HBvw/d8hCM5huO2USIeqsh8zLw8EH+3Dgda95KrRPycvcGUh3dEqC2ojQ=="
    },
    "lambda-console": {
      "version": "0.0.1",
      "resolved": "https://registry.npmjs.org/lambda-console/-/lambda-console-0.0.1.tgz",
      "integrity": "sha512-K2cT/HNO36G6tO6PR5qrDz0PtpXAECPUParvsd2QA3pQrSeXp9P0ETYVc26cJ2XJZz+ES1PolxN8VSnmosnV5Q==",
      "requires": {
        "err-json": "0.0.3"
      }
    }
  }
}
